{
  "name": "miserend.hu",
  "version": "1.1.3",
  "lockfileVersion": 3,
  "requires": true,
  "packages": {
    "": {
      "name": "miserend.hu",
      "version": "1.1.3",
      "dependencies": {
        "@fortawesome/fontawesome-free": "^6.7.2",
        "@popperjs/core": "2.11.*",
        "bootstrap": "5.3.*",
        "clockpicker": "^0.0.7",
        "composer": "*",
        "jqplot": "1.0.*",
        "jquery": "3.7.*",
        "jquery-colorbox": "1.5.*",
        "jquery-ui": "1.13.*",
        "leaflet": "1.9.*",
        "leaflet-polylinedecorator": "1.6.*",
        "leaflet-textpath": "1.2.*",
        "lightbox2": "2.*",
        "requirejs": "2.1.11"
      }
    },
    "node_modules/@fortawesome/fontawesome-free": {
      "version": "6.7.2",
      "resolved": "https://registry.npmjs.org/@fortawesome/fontawesome-free/-/fontawesome-free-6.7.2.tgz",
      "integrity": "sha512-JUOtgFW6k9u4Y+xeIaEiLr3+cjoUPiAuLXoyKOJSia6Duzb7pq+A76P9ZdPDoAoxHdHzq6gE9/jKBGXlZT8FbA==",
      "license": "(CC-BY-4.0 AND OFL-1.1 AND MIT)",
      "engines": {
        "node": ">=6"
      }
    },
    "node_modules/@popperjs/core": {
      "version": "2.11.8",
      "resolved": "https://registry.npmjs.org/@popperjs/core/-/core-2.11.8.tgz",
      "integrity": "sha512-P1st0aksCrn9sGZhp8GMYwBnQsbvAWsZAX44oXNNvLHGqAOcoVxmjZiohstwQ7SqKnbR47akdNi+uleWD8+g6A==",
      "license": "MIT",
      "funding": {
        "type": "opencollective",
        "url": "https://opencollective.com/popperjs"
      }
    },
    "node_modules/bootstrap": {
      "version": "5.3.8",
      "resolved": "https://registry.npmjs.org/bootstrap/-/bootstrap-5.3.8.tgz",
      "integrity": "sha512-HP1SZDqaLDPwsNiqRqi5NcP0SSXciX2s9E+RyqJIIqGo+vJeN5AJVM98CXmW/Wux0nQ5L7jeWUdplCEf0Ee+tg==",
      "funding": [
        {
          "type": "github",
          "url": "https://github.com/sponsors/twbs"
        },
        {
          "type": "opencollective",
          "url": "https://opencollective.com/bootstrap"
        }
      ],
      "license": "MIT",
      "peerDependencies": {
        "@popperjs/core": "^2.11.8"
      }
    },
    "node_modules/clockpicker": {
      "version": "0.0.7",
      "resolved": "https://registry.npmjs.org/clockpicker/-/clockpicker-0.0.7.tgz",
      "integrity": "sha512-YFVZhnDqPKsfzw698x1H4EMwVGxAhpP959xXvmLCZcJfYD4EeWIKUVNlFyxXGYDBItSSipeRoWwIUmHeVwn+Cg=="
    },
    "node_modules/composer": {
      "version": "4.1.0",
      "resolved": "https://registry.npmjs.org/composer/-/composer-4.1.0.tgz",
      "integrity": "sha512-qIIoNYjwFHrQFUdB8kD3pZs30+JeYK9149EpOYr/NVrii00KMO31IonzZMeRSU4qazyWZpEgVzkBmQ6VFWxedA==",
      "license": "MIT",
      "dependencies": {
        "pretty-time": "^1.1.0",
        "use": "^3.1.1"
      },
      "engines": {
        "node": ">=8"
      }
    },
    "node_modules/jqplot": {
      "version": "1.0.9",
      "resolved": "https://registry.npmjs.org/jqplot/-/jqplot-1.0.9.tgz",
      "integrity": "sha512-Vdzp3J00XwgKK4FFfPeajmDQo5h/Bx+HAr8HLdlXHjv/S5ebEhBT4gaQsLchoWdT4T9h1DAKzQfliwQPP+lvew==",
      "license": "ISC"
    },
    "node_modules/jquery": {
      "version": "3.7.1",
      "resolved": "https://registry.npmjs.org/jquery/-/jquery-3.7.1.tgz",
      "integrity": "sha512-m4avr8yL8kmFN8psrbFFFmB/If14iN5o9nw/NgnnM+kybDJpRsAynV2BsfpTYrTRysYUdADVD7CkUUizgkpLfg==",
      "license": "MIT"
    },
    "node_modules/jquery-colorbox": {
      "version": "1.5.15",
      "resolved": "https://registry.npmjs.org/jquery-colorbox/-/jquery-colorbox-1.5.15.tgz",
      "integrity": "sha512-3r0R0qkYxR1cbTWlH9ZbvQW6+fpb9Z3Ma+O/wTqs9DQc7Whluorvpu+AnuKxi7hr36E5MaeWPEZuW23pTa23GA==",
      "license": "MIT",
      "dependencies": {
        "jquery": ">=1.3.2"
      }
    },
    "node_modules/jquery-ui": {
      "version": "1.13.3",
      "resolved": "https://registry.npmjs.org/jquery-ui/-/jquery-ui-1.13.3.tgz",
      "integrity": "sha512-D2YJfswSJRh/B8M/zCowDpNFfwsDmtfnMPwjJTyvl+CBqzpYwQ+gFYIbUUlzijy/Qvoy30H1YhoSui4MNYpRwA==",
      "license": "MIT",
      "dependencies": {
        "jquery": ">=1.8.0 <4.0.0"
      }
    },
    "node_modules/leaflet": {
      "version": "1.9.4",
      "resolved": "https://registry.npmjs.org/leaflet/-/leaflet-1.9.4.tgz",
      "integrity": "sha512-nxS1ynzJOmOlHp+iL3FyWqK89GtNL8U8rvlMOsQdTTssxZwCXh8N2NB3GDQOL+YR3XnWyZAxwQixURb+FA74PA==",
      "license": "BSD-2-Clause"
    },
    "node_modules/leaflet-polylinedecorator": {
      "version": "1.6.0",
      "resolved": "https://registry.npmjs.org/leaflet-polylinedecorator/-/leaflet-polylinedecorator-1.6.0.tgz",
      "integrity": "sha512-kn3krmZRetgvN0wjhgYL8kvyLS0tUogAl0vtHuXQnwlYNjbl7aLQpkoFUo8UB8gVZoB0dhI4Tb55VdTJAcYzzQ==",
      "license": "MIT",
      "dependencies": {
        "leaflet-rotatedmarker": "^0.2.0"
      }
    },
    "node_modules/leaflet-rotatedmarker": {
      "version": "0.2.0",
      "resolved": "https://registry.npmjs.org/leaflet-rotatedmarker/-/leaflet-rotatedmarker-0.2.0.tgz",
      "integrity": "sha512-yc97gxLXwbZa+Gk9VCcqI0CkvIBC9oNTTjFsHqq4EQvANrvaboib4UdeQLyTnEqDpaXHCqzwwVIDHtvz2mUiDg==",
      "license": "MIT"
    },
    "node_modules/leaflet-textpath": {
      "version": "1.2.3",
      "resolved": "https://registry.npmjs.org/leaflet-textpath/-/leaflet-textpath-1.2.3.tgz",
      "integrity": "sha512-mPb5m2MlihNkLlo762j8S8FJCUyLvDU2fJTjjmDWKfqqyUQkV3ca3IzrxwsfzYz2DXrV2ytCVHb5+DjQymF+8w==",
      "license": "MIT",
      "peerDependencies": {
        "leaflet": "^1.3.1"
      }
    },
    "node_modules/lightbox2": {
      "version": "2.12.0",
      "resolved": "https://registry.npmjs.org/lightbox2/-/lightbox2-2.12.0.tgz",
      "integrity": "sha512-RqMxVb15JXhsrE24wdC2yNT/lc4JY/cWnaPTEfaCMofN4sPcnSihERJga3zcEnldJrttDLtWvWuMEiuDoOqvjA==",
      "dependencies": {
        "jquery": "^3.7.1"
      }
    },
    "node_modules/pretty-time": {
      "version": "1.1.0",
      "resolved": "https://registry.npmjs.org/pretty-time/-/pretty-time-1.1.0.tgz",
      "integrity": "sha512-28iF6xPQrP8Oa6uxE6a1biz+lWeTOAPKggvjB8HAs6nVMKZwf5bG++632Dx614hIWgUPkgivRfG+a8uAXGTIbA==",
      "license": "MIT",
      "engines": {
        "node": ">=4"
      }
    },
    "node_modules/requirejs": {
      "version": "2.1.11",
      "resolved": "https://registry.npmjs.org/requirejs/-/requirejs-2.1.11.tgz",
      "integrity": "sha512-eJJ1xgjNzjlpSWF8fdmaFLavIvbDS55ItVtSMHi0bCAKn20X0KH0sadOnDvEW7QiOWCeFeL+/idpG9yi3kzWqw==",
      "bin": {
        "r.js": "bin/r.js"
      },
      "engines": {
        "node": ">=0.4.0"
      }
    },
    "node_modules/use": {
      "version": "3.1.1",
      "resolved": "https://registry.npmjs.org/use/-/use-3.1.1.tgz",
      "integrity": "sha512-cwESVXlO3url9YWlFW/TA9cshCEhtu7IKJ/p5soJ/gGpj7vbvFrAY/eIioQ6Dw23KjZhYgiIo8HOs1nQ2vr/oQ==",
      "license": "MIT",
      "engines": {
        "node": ">=0.10.0"
      }
    }
  }
}
